
Microsoft Visual Studio Solution File, Format Version 12.00
# Visual Studio 2012
Project("{FAE04EC0-301F-11D3-BF4B-00C04F79EFBC}") = "fizz", "fizz\fizz.csproj", "{FD1B759B-193F-4EA9-A960-9B9C7DE415A2}"
EndProject
Global
	GlobalSection(SolutionConfigurationPlatforms) = preSolution
		Debug|Any CPU = Debug|Any CPU
		Release|Any CPU = Release|Any CPU
	EndGlobalSection
	GlobalSection(ProjectConfigurationPlatforms) = postSolution
		{FD1B759B-193F-4EA9-A960-9B9C7DE415A2}.Debug|Any CPU.ActiveCfg = Debug|Any CPU
		{FD1B759B-193F-4EA9-A960-9B9C7DE415A2}.Debug|Any CPU.Build.0 = Debug|Any CPU
		{FD1B759B-193F-4EA9-A960-9B9C7DE415A2}.Release|Any CPU.ActiveCfg = Release|Any CPU
		{FD1B759B-193F-4EA9-A960-9B9C7DE415A2}.Release|Any CPU.Build.0 = Release|Any CPU
	EndGlobalSection
	GlobalSection(SolutionProperties) = preSolution
		HideSolutionNode = FALSE
	EndGlobalSection
EndGlobal
